// !$*UTF8*$!
{
	archiveVersion = 1;
	classes = {
	};
	objectVersion = 77;
	objects = {

/* Begin PBXCopyFilesBuildPhase section */
		612A816D2CD93F320020E786 /* CopyFiles */ = {
			isa = PBXCopyFilesBuildPhase;
			buildActionMask = 2147483647;
			dstPath = /usr/share/man/man1/;
			dstSubfolderSpec = 0;
			files = (
			);
			runOnlyForDeploymentPostprocessing = 1;
		};
		613E115E2CB97F5C00820F7E /* CopyFiles */ = {
			isa = PBXCopyFilesBuildPhase;
			buildActionMask = 2147483647;
			dstPath = /usr/share/man/man1/;
			dstSubfolderSpec = 0;
			files = (
			);
			runOnlyForDeploymentPostprocessing = 1;
		};
		619D66E12CE8DA1400E95D23 /* CopyFiles */ = {
			isa = PBXCopyFilesBuildPhase;
			buildActionMask = 2147483647;
			dstPath = /usr/share/man/man1/;
			dstSubfolderSpec = 0;
			files = (
			);
			runOnlyForDeploymentPostprocessing = 1;
		};
		61DF17172CF0E86100065A51 /* CopyFiles */ = {
			isa = PBXCopyFilesBuildPhase;
			buildActionMask = 2147483647;
			dstPath = /usr/share/man/man1/;
			dstSubfolderSpec = 0;
			files = (
			);
			runOnlyForDeploymentPostprocessing = 1;
		};
		61E7DD0D2CC83F23005C25CB /* CopyFiles */ = {
			isa = PBXCopyFilesBuildPhase;
			buildActionMask = 2147483647;
			dstPath = /usr/share/man/man1/;
			dstSubfolderSpec = 0;
			files = (
			);
			runOnlyForDeploymentPostprocessing = 1;
		};
/* End PBXCopyFilesBuildPhase section */

/* Begin PBXFileReference section */
		611B406B2CBA5E75003E294F /* maxsum */ = {isa = PBXFileReference; explicitFileType = "compiled.mach-o.executable"; includeInIndex = 0; path = maxsum; sourceTree = BUILT_PRODUCTS_DIR; };
		612A816F2CD93F320020E786 /* laplace */ = {isa = PBXFileReference; explicitFileType = "compiled.mach-o.executable"; includeInIndex = 0; path = laplace; sourceTree = BUILT_PRODUCTS_DIR; };
		619D66E32CE8DA1400E95D23 /* hpc-gemm */ = {isa = PBXFileReference; explicitFileType = "compiled.mach-o.executable"; includeInIndex = 0; path = "hpc-gemm"; sourceTree = BUILT_PRODUCTS_DIR; };
		61DF17192CF0E86100065A51 /* matmatblock */ = {isa = PBXFileReference; explicitFileType = "compiled.mach-o.executable"; includeInIndex = 0; path = matmatblock; sourceTree = BUILT_PRODUCTS_DIR; };
		61E7DD0F2CC83F23005C25CB /* ringsum */ = {isa = PBXFileReference; explicitFileType = "compiled.mach-o.executable"; includeInIndex = 0; path = ringsum; sourceTree = BUILT_PRODUCTS_DIR; };
/* End PBXFileReference section */

/* Begin PBXFileSystemSynchronizedBuildFileExceptionSet section */
		612A81792CD93F460020E786 /* Exceptions for "parallel-distributed-computing" folder in "laplace" target */ = {
			isa = PBXFileSystemSynchronizedBuildFileExceptionSet;
			membershipExceptions = (
				common/c_timer/c_timer.c,
				common/integer/integer.c,
				common/mpi_proc/mpi_proc.c,
				laplace/src/laplace/laplace.c,
				laplace/src/main.c,
			);
			target = 612A816E2CD93F320020E786 /* laplace */;
		};
		619D66ED2CE8DA1D00E95D23 /* Exceptions for "parallel-distributed-computing" folder in "hpc-gemm" target */ = {
			isa = PBXFileSystemSynchronizedBuildFileExceptionSet;
			membershipExceptions = (
				common/c_timer/c_timer.c,
				common/matrix/matrix.c,
				hpc/gemm/src/gemm/gemm.c,
				hpc/gemm/src/main.c,
			);
			target = 619D66E22CE8DA1400E95D23 /* hpc-gemm */;
		};
		61CF42B12CBFC79700559C11 /* Exceptions for "parallel-distributed-computing" folder in "maxsum" target */ = {
			isa = PBXFileSystemSynchronizedBuildFileExceptionSet;
			membershipExceptions = (
				common/integer/integer.c,
				common/mpi_proc/mpi_proc_vector/mpi_proc_vector.c,
				common/mpi_proc/mpi_proc.c,
				common/vector/vector.c,
				hpc/gemm/src/main.c,
				hpc/matmatblock/main.c,
				laplace/build/Makefile,
				laplace/src/laplace/laplace.c,
				laplace/src/main.c,
				ringsum/build/Makefile,
				ringsum/src/main.c,
				ringsum/src/ringsum/ringsum.c,
			);
			target = 613E115F2CB97F5C00820F7E /* maxsum */;
		};
		61DF17232CF0E86700065A51 /* Exceptions for "parallel-distributed-computing" folder in "matmatblock" target */ = {
			isa = PBXFileSystemSynchronizedBuildFileExceptionSet;
			membershipExceptions = (
				hpc/matmatblock/main.c,
			);
			target = 61DF17182CF0E86100065A51 /* matmatblock */;
		};
		61E7DD1B2CC8404D005C25CB /* Exceptions for "parallel-distributed-computing" folder in "ringsum" target */ = {
			isa = PBXFileSystemSynchronizedBuildFileExceptionSet;
			membershipExceptions = (
				common/integer/integer.c,
				common/mpi_proc/mpi_proc_vector/mpi_proc_vector.c,
				common/mpi_proc/mpi_proc.c,
				common/vector/vector.c,
				ringsum/src/main.c,
				ringsum/src/ringsum/ringsum.c,
			);
			target = 61E7DD0E2CC83F23005C25CB /* ringsum */;
		};
/* End PBXFileSystemSynchronizedBuildFileExceptionSet section */

/* Begin PBXFileSystemSynchronizedRootGroup section */
		613E11622CB97F5C00820F7E /* parallel-distributed-computing */ = {
			isa = PBXFileSystemSynchronizedRootGroup;
			exceptions = (
				61CF42B12CBFC79700559C11 /* Exceptions for "parallel-distributed-computing" folder in "maxsum" target */,
				61E7DD1B2CC8404D005C25CB /* Exceptions for "parallel-distributed-computing" folder in "ringsum" target */,
				612A81792CD93F460020E786 /* Exceptions for "parallel-distributed-computing" folder in "laplace" target */,
				619D66ED2CE8DA1D00E95D23 /* Exceptions for "parallel-distributed-computing" folder in "hpc-gemm" target */,
				61DF17232CF0E86700065A51 /* Exceptions for "parallel-distributed-computing" folder in "matmatblock" target */,
			);
			path = "parallel-distributed-computing";
			sourceTree = "<group>";
		};
/* End PBXFileSystemSynchronizedRootGroup section */

/* Begin PBXFrameworksBuildPhase section */
		612A816C2CD93F320020E786 /* Frameworks */ = {
			isa = PBXFrameworksBuildPhase;
			buildActionMask = 2147483647;
			files = (
			);
			runOnlyForDeploymentPostprocessing = 0;
		};
		613E115D2CB97F5C00820F7E /* Frameworks */ = {
			isa = PBXFrameworksBuildPhase;
			buildActionMask = 2147483647;
			files = (
			);
			runOnlyForDeploymentPostprocessing = 0;
		};
		619D66E02CE8DA1400E95D23 /* Frameworks */ = {
			isa = PBXFrameworksBuildPhase;
			buildActionMask = 2147483647;
			files = (
			);
			runOnlyForDeploymentPostprocessing = 0;
		};
		61DF17162CF0E86100065A51 /* Frameworks */ = {
			isa = PBXFrameworksBuildPhase;
			buildActionMask = 2147483647;
			files = (
			);
			runOnlyForDeploymentPostprocessing = 0;
		};
		61E7DD0C2CC83F23005C25CB /* Frameworks */ = {
			isa = PBXFrameworksBuildPhase;
			buildActionMask = 2147483647;
			files = (
			);
			runOnlyForDeploymentPostprocessing = 0;
		};
/* End PBXFrameworksBuildPhase section */

/* Begin PBXGroup section */
		613E11572CB97F5C00820F7E = {
			isa = PBXGroup;
			children = (
				613E11622CB97F5C00820F7E /* parallel-distributed-computing */,
				611B406B2CBA5E75003E294F /* maxsum */,
				61E7DD0F2CC83F23005C25CB /* ringsum */,
				612A816F2CD93F320020E786 /* laplace */,
				619D66E32CE8DA1400E95D23 /* hpc-gemm */,
				61DF17192CF0E86100065A51 /* matmatblock */,
			);
			sourceTree = "<group>";
		};
/* End PBXGroup section */

/* Begin PBXNativeTarget section */
		612A816E2CD93F320020E786 /* laplace */ = {
			isa = PBXNativeTarget;
			buildConfigurationList = 612A81752CD93F320020E786 /* Build configuration list for PBXNativeTarget "laplace" */;
			buildPhases = (
				612A816B2CD93F320020E786 /* Sources */,
				612A816C2CD93F320020E786 /* Frameworks */,
				612A816D2CD93F320020E786 /* CopyFiles */,
			);
			buildRules = (
			);
			dependencies = (
			);
			name = laplace;
			packageProductDependencies = (
			);
			productName = laplace;
			productReference = 612A816F2CD93F320020E786 /* laplace */;
			productType = "com.apple.product-type.tool";
		};
		613E115F2CB97F5C00820F7E /* maxsum */ = {
			isa = PBXNativeTarget;
			buildConfigurationList = 613E11672CB97F5C00820F7E /* Build configuration list for PBXNativeTarget "maxsum" */;
			buildPhases = (
				613E115C2CB97F5C00820F7E /* Sources */,
				613E115D2CB97F5C00820F7E /* Frameworks */,
				613E115E2CB97F5C00820F7E /* CopyFiles */,
			);
			buildRules = (
			);
			dependencies = (
			);
			fileSystemSynchronizedGroups = (
				613E11622CB97F5C00820F7E /* parallel-distributed-computing */,
			);
			name = maxsum;
			packageProductDependencies = (
			);
			productName = "parallel-distributed-computing";
			productReference = 611B406B2CBA5E75003E294F /* maxsum */;
			productType = "com.apple.product-type.tool";
		};
		619D66E22CE8DA1400E95D23 /* hpc-gemm */ = {
			isa = PBXNativeTarget;
			buildConfigurationList = 619D66E92CE8DA1400E95D23 /* Build configuration list for PBXNativeTarget "hpc-gemm" */;
			buildPhases = (
				619D66DF2CE8DA1400E95D23 /* Sources */,
				619D66E02CE8DA1400E95D23 /* Frameworks */,
				619D66E12CE8DA1400E95D23 /* CopyFiles */,
			);
			buildRules = (
			);
			dependencies = (
			);
			name = "hpc-gemm";
			packageProductDependencies = (
			);
			productName = hpc;
			productReference = 619D66E32CE8DA1400E95D23 /* hpc-gemm */;
			productType = "com.apple.product-type.tool";
		};
		61DF17182CF0E86100065A51 /* matmatblock */ = {
			isa = PBXNativeTarget;
			buildConfigurationList = 61DF171F2CF0E86100065A51 /* Build configuration list for PBXNativeTarget "matmatblock" */;
			buildPhases = (
				61DF17152CF0E86100065A51 /* Sources */,
				61DF17162CF0E86100065A51 /* Frameworks */,
				61DF17172CF0E86100065A51 /* CopyFiles */,
			);
			buildRules = (
			);
			dependencies = (
			);
			name = matmatblock;
			packageProductDependencies = (
			);
			productName = matmatblock;
			productReference = 61DF17192CF0E86100065A51 /* matmatblock */;
			productType = "com.apple.product-type.tool";
		};
		61E7DD0E2CC83F23005C25CB /* ringsum */ = {
			isa = PBXNativeTarget;
			buildConfigurationList = 61E7DD132CC83F23005C25CB /* Build configuration list for PBXNativeTarget "ringsum" */;
			buildPhases = (
				61E7DD0B2CC83F23005C25CB /* Sources */,
				61E7DD0C2CC83F23005C25CB /* Frameworks */,
				61E7DD0D2CC83F23005C25CB /* CopyFiles */,
			);
			buildRules = (
			);
			dependencies = (
			);
			name = ringsum;
			packageProductDependencies = (
			);
			productName = "ring-sum";
			productReference = 61E7DD0F2CC83F23005C25CB /* ringsum */;
			productType = "com.apple.product-type.tool";
		};
/* End PBXNativeTarget section */

/* Begin PBXProject section */
		613E11582CB97F5C00820F7E /* Project object */ = {
			isa = PBXProject;
			attributes = {
				BuildIndependentTargetsInParallel = 1;
				LastUpgradeCheck = 1600;
				TargetAttributes = {
					612A816E2CD93F320020E786 = {
						CreatedOnToolsVersion = 16.0;
					};
					613E115F2CB97F5C00820F7E = {
						CreatedOnToolsVersion = 16.0;
					};
					619D66E22CE8DA1400E95D23 = {
						CreatedOnToolsVersion = 16.0;
					};
					61DF17182CF0E86100065A51 = {
						CreatedOnToolsVersion = 16.0;
					};
					61E7DD0E2CC83F23005C25CB = {
						CreatedOnToolsVersion = 16.0;
					};
				};
			};
			buildConfigurationList = 613E115B2CB97F5C00820F7E /* Build configuration list for PBXProject "parallel-distributed-computing" */;
			developmentRegion = en;
			hasScannedForEncodings = 0;
			knownRegions = (
				en,
				Base,
			);
			mainGroup = 613E11572CB97F5C00820F7E;
			minimizedProjectReferenceProxies = 1;
			preferredProjectObjectVersion = 77;
			productRefGroup = 613E11572CB97F5C00820F7E;
			projectDirPath = "";
			projectRoot = "";
			targets = (
				613E115F2CB97F5C00820F7E /* maxsum */,
				61E7DD0E2CC83F23005C25CB /* ringsum */,
				612A816E2CD93F320020E786 /* laplace */,
				619D66E22CE8DA1400E95D23 /* hpc-gemm */,
				61DF17182CF0E86100065A51 /* matmatblock */,
			);
		};
/* End PBXProject section */

/* Begin PBXSourcesBuildPhase section */
		612A816B2CD93F320020E786 /* Sources */ = {
			isa = PBXSourcesBuildPhase;
			buildActionMask = 2147483647;
			files = (
			);
			runOnlyForDeploymentPostprocessing = 0;
		};
		613E115C2CB97F5C00820F7E /* Sources */ = {
			isa = PBXSourcesBuildPhase;
			buildActionMask = 2147483647;
			files = (
			);
			runOnlyForDeploymentPostprocessing = 0;
		};
		619D66DF2CE8DA1400E95D23 /* Sources */ = {
			isa = PBXSourcesBuildPhase;
			buildActionMask = 2147483647;
			files = (
			);
			runOnlyForDeploymentPostprocessing = 0;
		};
		61DF17152CF0E86100065A51 /* Sources */ = {
			isa = PBXSourcesBuildPhase;
			buildActionMask = 2147483647;
			files = (
			);
			runOnlyForDeploymentPostprocessing = 0;
		};
		61E7DD0B2CC83F23005C25CB /* Sources */ = {
			isa = PBXSourcesBuildPhase;
			buildActionMask = 2147483647;
			files = (
			);
			runOnlyForDeploymentPostprocessing = 0;
		};
/* End PBXSourcesBuildPhase section */

/* Begin XCBuildConfiguration section */
		612A81732CD93F320020E786 /* Debug */ = {
			isa = XCBuildConfiguration;
			buildSettings = {
				CODE_SIGN_ENTITLEMENTS = "parallel-distributed-computing/parallel-distributed-computing.entitlements";
				CODE_SIGN_STYLE = Automatic;
				DEVELOPMENT_TEAM = 8LQ8VYP25V;
				ENABLE_HARDENED_RUNTIME = YES;
				HEADER_SEARCH_PATHS = "/opt/homebrew/opt/open-mpi/include";
				LIBRARY_SEARCH_PATHS = "/opt/homebrew/opt/open-mpi/lib";
				OTHER_LDFLAGS = "-lmpi";
				PRODUCT_NAME = "$(TARGET_NAME)";
			};
			name = Debug;
		};
		612A81742CD93F320020E786 /* Release */ = {
			isa = XCBuildConfiguration;
			buildSettings = {
				CODE_SIGN_ENTITLEMENTS = "parallel-distributed-computing/parallel-distributed-computing.entitlements";
				CODE_SIGN_STYLE = Automatic;
				DEVELOPMENT_TEAM = 8LQ8VYP25V;
				ENABLE_HARDENED_RUNTIME = YES;
				HEADER_SEARCH_PATHS = "/opt/homebrew/opt/open-mpi/include";
				LIBRARY_SEARCH_PATHS = "/opt/homebrew/opt/open-mpi/lib";
				OTHER_LDFLAGS = "-lmpi";
				PRODUCT_NAME = "$(TARGET_NAME)";
			};
			name = Release;
		};
		613E11652CB97F5C00820F7E /* Debug */ = {
			isa = XCBuildConfiguration;
			buildSettings = {
				ALWAYS_SEARCH_USER_PATHS = NO;
				ASSETCATALOG_COMPILER_GENERATE_SWIFT_ASSET_SYMBOL_EXTENSIONS = YES;
				CLANG_ANALYZER_NONNULL = YES;
				CLANG_ANALYZER_NUMBER_OBJECT_CONVERSION = YES_AGGRESSIVE;
				CLANG_CXX_LANGUAGE_STANDARD = "gnu++20";
				CLANG_ENABLE_MODULES = YES;
				CLANG_ENABLE_OBJC_ARC = YES;
				CLANG_ENABLE_OBJC_WEAK = YES;
				CLANG_WARN_BLOCK_CAPTURE_AUTORELEASING = YES;
				CLANG_WARN_BOOL_CONVERSION = YES;
				CLANG_WARN_COMMA = YES;
				CLANG_WARN_CONSTANT_CONVERSION = YES;
				CLANG_WARN_DEPRECATED_OBJC_IMPLEMENTATIONS = YES;
				CLANG_WARN_DIRECT_OBJC_ISA_USAGE = YES_ERROR;
				CLANG_WARN_DOCUMENTATION_COMMENTS = YES;
				CLANG_WARN_EMPTY_BODY = YES;
				CLANG_WARN_ENUM_CONVERSION = YES;
				CLANG_WARN_INFINITE_RECURSION = YES;
				CLANG_WARN_INT_CONVERSION = YES;
				CLANG_WARN_NON_LITERAL_NULL_CONVERSION = YES;
				CLANG_WARN_OBJC_IMPLICIT_RETAIN_SELF = YES;
				CLANG_WARN_OBJC_LITERAL_CONVERSION = YES;
				CLANG_WARN_OBJC_ROOT_CLASS = YES_ERROR;
				CLANG_WARN_QUOTED_INCLUDE_IN_FRAMEWORK_HEADER = YES;
				CLANG_WARN_RANGE_LOOP_ANALYSIS = YES;
				CLANG_WARN_STRICT_PROTOTYPES = YES;
				CLANG_WARN_SUSPICIOUS_MOVE = YES;
				CLANG_WARN_UNGUARDED_AVAILABILITY = YES_AGGRESSIVE;
				CLANG_WARN_UNREACHABLE_CODE = YES;
				CLANG_WARN__DUPLICATE_METHOD_MATCH = YES;
				COPY_PHASE_STRIP = NO;
				DEBUG_INFORMATION_FORMAT = dwarf;
				ENABLE_STRICT_OBJC_MSGSEND = YES;
				ENABLE_TESTABILITY = YES;
				ENABLE_USER_SCRIPT_SANDBOXING = YES;
				GCC_C_LANGUAGE_STANDARD = gnu17;
				GCC_DYNAMIC_NO_PIC = NO;
				GCC_NO_COMMON_BLOCKS = YES;
				GCC_OPTIMIZATION_LEVEL = 0;
				GCC_PREPROCESSOR_DEFINITIONS = (
					"DEBUG=1",
					"$(inherited)",
				);
				GCC_WARN_64_TO_32_BIT_CONVERSION = YES;
				GCC_WARN_ABOUT_RETURN_TYPE = YES_ERROR;
				GCC_WARN_UNDECLARED_SELECTOR = YES;
				GCC_WARN_UNINITIALIZED_AUTOS = YES_AGGRESSIVE;
				GCC_WARN_UNUSED_FUNCTION = YES;
				GCC_WARN_UNUSED_VARIABLE = YES;
				LOCALIZATION_PREFERS_STRING_CATALOGS = YES;
				MACOSX_DEPLOYMENT_TARGET = 15.0;
				MTL_ENABLE_DEBUG_INFO = INCLUDE_SOURCE;
				MTL_FAST_MATH = YES;
				ONLY_ACTIVE_ARCH = YES;
				SDKROOT = macosx;
			};
			name = Debug;
		};
		613E11662CB97F5C00820F7E /* Release */ = {
			isa = XCBuildConfiguration;
			buildSettings = {
				ALWAYS_SEARCH_USER_PATHS = NO;
				ASSETCATALOG_COMPILER_GENERATE_SWIFT_ASSET_SYMBOL_EXTENSIONS = YES;
				CLANG_ANALYZER_NONNULL = YES;
				CLANG_ANALYZER_NUMBER_OBJECT_CONVERSION = YES_AGGRESSIVE;
				CLANG_CXX_LANGUAGE_STANDARD = "gnu++20";
				CLANG_ENABLE_MODULES = YES;
				CLANG_ENABLE_OBJC_ARC = YES;
				CLANG_ENABLE_OBJC_WEAK = YES;
				CLANG_WARN_BLOCK_CAPTURE_AUTORELEASING = YES;
				CLANG_WARN_BOOL_CONVERSION = YES;
				CLANG_WARN_COMMA = YES;
				CLANG_WARN_CONSTANT_CONVERSION = YES;
				CLANG_WARN_DEPRECATED_OBJC_IMPLEMENTATIONS = YES;
				CLANG_WARN_DIRECT_OBJC_ISA_USAGE = YES_ERROR;
				CLANG_WARN_DOCUMENTATION_COMMENTS = YES;
				CLANG_WARN_EMPTY_BODY = YES;
				CLANG_WARN_ENUM_CONVERSION = YES;
				CLANG_WARN_INFINITE_RECURSION = YES;
				CLANG_WARN_INT_CONVERSION = YES;
				CLANG_WARN_NON_LITERAL_NULL_CONVERSION = YES;
				CLANG_WARN_OBJC_IMPLICIT_RETAIN_SELF = YES;
				CLANG_WARN_OBJC_LITERAL_CONVERSION = YES;
				CLANG_WARN_OBJC_ROOT_CLASS = YES_ERROR;
				CLANG_WARN_QUOTED_INCLUDE_IN_FRAMEWORK_HEADER = YES;
				CLANG_WARN_RANGE_LOOP_ANALYSIS = YES;
				CLANG_WARN_STRICT_PROTOTYPES = YES;
				CLANG_WARN_SUSPICIOUS_MOVE = YES;
				CLANG_WARN_UNGUARDED_AVAILABILITY = YES_AGGRESSIVE;
				CLANG_WARN_UNREACHABLE_CODE = YES;
				CLANG_WARN__DUPLICATE_METHOD_MATCH = YES;
				COPY_PHASE_STRIP = NO;
				DEBUG_INFORMATION_FORMAT = "dwarf-with-dsym";
				ENABLE_NS_ASSERTIONS = NO;
				ENABLE_STRICT_OBJC_MSGSEND = YES;
				ENABLE_USER_SCRIPT_SANDBOXING = YES;
				GCC_C_LANGUAGE_STANDARD = gnu17;
				GCC_NO_COMMON_BLOCKS = YES;
				GCC_WARN_64_TO_32_BIT_CONVERSION = YES;
				GCC_WARN_ABOUT_RETURN_TYPE = YES_ERROR;
				GCC_WARN_UNDECLARED_SELECTOR = YES;
				GCC_WARN_UNINITIALIZED_AUTOS = YES_AGGRESSIVE;
				GCC_WARN_UNUSED_FUNCTION = YES;
				GCC_WARN_UNUSED_VARIABLE = YES;
				LOCALIZATION_PREFERS_STRING_CATALOGS = YES;
				MACOSX_DEPLOYMENT_TARGET = 15.0;
				MTL_ENABLE_DEBUG_INFO = NO;
				MTL_FAST_MATH = YES;
				SDKROOT = macosx;
			};
			name = Release;
		};
		613E11682CB97F5C00820F7E /* Debug */ = {
			isa = XCBuildConfiguration;
			buildSettings = {
				CLANG_WARN_STRICT_PROTOTYPES = NO;
				CODE_SIGN_ENTITLEMENTS = "parallel-distributed-computing/parallel-distributed-computing.entitlements";
				"CODE_SIGN_IDENTITY[sdk=macosx*]" = "Apple Development";
				CODE_SIGN_STYLE = Automatic;
				DEVELOPMENT_TEAM = 8LQ8VYP25V;
				ENABLE_HARDENED_RUNTIME = YES;
				HEADER_SEARCH_PATHS = /opt/homebrew/opt/libomp/include;
				LD_ENVIRONMENT = "";
				LD_RUNPATH_SEARCH_PATHS = "";
				LIBRARY_SEARCH_PATHS = /opt/homebrew/opt/libomp/lib;
				"LIBRARY_SEARCH_PATHS[arch=*]" = /opt/homebrew/opt/libomp/lib;
				MACH_O_TYPE = mh_execute;
				MERGEABLE_LIBRARY = NO;
				"OTHER_CFLAGS[arch=*]" = (
					"-Xclang",
					"-fopenmp",
				);
				OTHER_LDFLAGS = "-lomp";
				PRODUCT_NAME = "$(TARGET_NAME)";
			};
			name = Debug;
		};
		613E11692CB97F5C00820F7E /* Release */ = {
			isa = XCBuildConfiguration;
			buildSettings = {
				CLANG_WARN_STRICT_PROTOTYPES = NO;
				CODE_SIGN_ENTITLEMENTS = "parallel-distributed-computing/parallel-distributed-computing.entitlements";
				"CODE_SIGN_IDENTITY[sdk=macosx*]" = "Apple Development";
				CODE_SIGN_STYLE = Automatic;
				DEVELOPMENT_TEAM = 8LQ8VYP25V;
				ENABLE_HARDENED_RUNTIME = YES;
				HEADER_SEARCH_PATHS = /opt/homebrew/opt/libomp/include;
				LD_ENVIRONMENT = "";
				LD_RUNPATH_SEARCH_PATHS = "";
				LIBRARY_SEARCH_PATHS = /opt/homebrew/opt/libomp/lib;
				MACH_O_TYPE = mh_execute;
				MERGEABLE_LIBRARY = NO;
				OTHER_LDFLAGS = "-lomp";
				PRODUCT_NAME = "$(TARGET_NAME)";
			};
			name = Release;
		};
		619D66E72CE8DA1400E95D23 /* Debug */ = {
			isa = XCBuildConfiguration;
			buildSettings = {
				CODE_SIGN_STYLE = Automatic;
				DEVELOPMENT_TEAM = 8LQ8VYP25V;
				ENABLE_HARDENED_RUNTIME = YES;
				GCC_OPTIMIZATION_LEVEL = 3;
				PRODUCT_NAME = "$(TARGET_NAME)";
			};
			name = Debug;
		};
		619D66E82CE8DA1400E95D23 /* Release */ = {
			isa = XCBuildConfiguration;
			buildSettings = {
				CODE_SIGN_STYLE = Automatic;
				DEVELOPMENT_TEAM = 8LQ8VYP25V;
				ENABLE_HARDENED_RUNTIME = YES;
				PRODUCT_NAME = "$(TARGET_NAME)";
			};
			name = Release;
		};
		61DF171D2CF0E86100065A51 /* Debug */ = {
			isa = XCBuildConfiguration;
			buildSettings = {
				CODE_SIGN_STYLE = Automatic;
				DEVELOPMENT_TEAM = 8LQ8VYP25V;
				ENABLE_HARDENED_RUNTIME = YES;
				PRODUCT_NAME = "$(TARGET_NAME)";
			};
			name = Debug;
		};
		61DF171E2CF0E86100065A51 /* Release */ = {
			isa = XCBuildConfiguration;
			buildSettings = {
				CODE_SIGN_STYLE = Automatic;
				DEVELOPMENT_TEAM = 8LQ8VYP25V;
				ENABLE_HARDENED_RUNTIME = YES;
				PRODUCT_NAME = "$(TARGET_NAME)";
			};
			name = Release;
		};
		61E7DD142CC83F23005C25CB /* Debug */ = {
			isa = XCBuildConfiguration;
			buildSettings = {
				CODE_SIGN_ENTITLEMENTS = "parallel-distributed-computing/parallel-distributed-computing.entitlements";
				CODE_SIGN_IDENTITY = "Apple Development";
				CODE_SIGN_STYLE = Automatic;
				DEVELOPMENT_TEAM = 8LQ8VYP25V;
				ENABLE_HARDENED_RUNTIME = YES;
				HEADER_SEARCH_PATHS = "/opt/homebrew/opt/open-mpi/include";
				LIBRARY_SEARCH_PATHS = "/opt/homebrew/opt/open-mpi/lib";
				OTHER_LDFLAGS = "-lmpi";
				PRODUCT_NAME = "$(TARGET_NAME)";
			};
			name = Debug;
		};
		61E7DD152CC83F23005C25CB /* Release */ = {
			isa = XCBuildConfiguration;
			buildSettings = {
				CODE_SIGN_ENTITLEMENTS = "parallel-distributed-computing/parallel-distributed-computing.entitlements";
				CODE_SIGN_IDENTITY = "Apple Development";
				CODE_SIGN_STYLE = Automatic;
				DEVELOPMENT_TEAM = 8LQ8VYP25V;
				ENABLE_HARDENED_RUNTIME = YES;
				HEADER_SEARCH_PATHS = "/opt/homebrew/opt/open-mpi/include";
				LIBRARY_SEARCH_PATHS = "/opt/homebrew/opt/open-mpi/lib";
				OTHER_LDFLAGS = "-lmpi";
				PRODUCT_NAME = "$(TARGET_NAME)";
			};
			name = Release;
		};
/* End XCBuildConfiguration section */

/* Begin XCConfigurationList section */
		612A81752CD93F320020E786 /* Build configuration list for PBXNativeTarget "laplace" */ = {
			isa = XCConfigurationList;
			buildConfigurations = (
				612A81732CD93F320020E786 /* Debug */,
				612A81742CD93F320020E786 /* Release */,
			);
			defaultConfigurationIsVisible = 0;
			defaultConfigurationName = Release;
		};
		613E115B2CB97F5C00820F7E /* Build configuration list for PBXProject "parallel-distributed-computing" */ = {
			isa = XCConfigurationList;
			buildConfigurations = (
				613E11652CB97F5C00820F7E /* Debug */,
				613E11662CB97F5C00820F7E /* Release */,
			);
			defaultConfigurationIsVisible = 0;
			defaultConfigurationName = Release;
		};
		613E11672CB97F5C00820F7E /* Build configuration list for PBXNativeTarget "maxsum" */ = {
			isa = XCConfigurationList;
			buildConfigurations = (
				613E11682CB97F5C00820F7E /* Debug */,
				613E11692CB97F5C00820F7E /* Release */,
			);
			defaultConfigurationIsVisible = 0;
			defaultConfigurationName = Release;
		};
		619D66E92CE8DA1400E95D23 /* Build configuration list for PBXNativeTarget "hpc-gemm" */ = {
			isa = XCConfigurationList;
			buildConfigurations = (
				619D66E72CE8DA1400E95D23 /* Debug */,
				619D66E82CE8DA1400E95D23 /* Release */,
			);
			defaultConfigurationIsVisible = 0;
			defaultConfigurationName = Release;
		};
		61DF171F2CF0E86100065A51 /* Build configuration list for PBXNativeTarget "matmatblock" */ = {
			isa = XCConfigurationList;
			buildConfigurations = (
				61DF171D2CF0E86100065A51 /* Debug */,
				61DF171E2CF0E86100065A51 /* Release */,
			);
			defaultConfigurationIsVisible = 0;
			defaultConfigurationName = Release;
		};
		61E7DD132CC83F23005C25CB /* Build configuration list for PBXNativeTarget "ringsum" */ = {
			isa = XCConfigurationList;
			buildConfigurations = (
				61E7DD142CC83F23005C25CB /* Debug */,
				61E7DD152CC83F23005C25CB /* Release */,
			);
			defaultConfigurationIsVisible = 0;
			defaultConfigurationName = Release;
		};
/* End XCConfigurationList section */
	};
	rootObject = 613E11582CB97F5C00820F7E /* Project object */;
}
